
Microsoft Visual Studio Solution File, Format Version 12.00
# Visual Studio 15
VisualStudioVersion = 15.0.27703.2035
MinimumVisualStudioVersion = 10.0.40219.1
Project("{FAE04EC0-301F-11D3-BF4B-00C04F79EFBC}") = "VPNHS", "VPNHS\VPNHS.csproj", "{EDE56ADB-6B98-4420-89C0-D95B7F6B6063}"
EndProject
Global
	GlobalSection(SolutionConfigurationPlatforms) = preSolution
		Debug|Any CPU = Debug|Any CPU
		Release|Any CPU = Release|Any CPU
	EndGlobalSection
	GlobalSection(ProjectConfigurationPlatforms) = postSolution
		{EDE56ADB-6B98-4420-89C0-D95B7F6B6063}.Debug|Any CPU.ActiveCfg = Debug|Any CPU
		{EDE56ADB-6B98-4420-89C0-D95B7F6B6063}.Debug|Any CPU.Build.0 = Debug|Any CPU
		{EDE56ADB-6B98-4420-89C0-D95B7F6B6063}.Release|Any CPU.ActiveCfg = Release|Any CPU
		{EDE56ADB-6B98-4420-89C0-D95B7F6B6063}.Release|Any CPU.Build.0 = Release|Any CPU
	EndGlobalSection
	GlobalSection(SolutionProperties) = preSolution
		HideSolutionNode = FALSE
	EndGlobalSection
	GlobalSection(ExtensibilityGlobals) = postSolution
		SolutionGuid = {CF912D36-9C29-436D-B29A-157976731C36}
	EndGlobalSection
EndGlobal
